
Microsoft Visual Studio Solution File, Format Version 12.00
# Visual Studio Version 17
VisualStudioVersion = 17.3.32929.385
MinimumVisualStudioVersion = 10.0.40219.1
Project("{9A19103F-16F7-4668-BE54-9A1E7A4F7556}") = "ProjetASI", "Caissier\ProjetASI.csproj", "{016922FD-A943-495C-8E3C-BD48993BCDAC}"
EndProject
Global
	GlobalSection(SolutionConfigurationPlatforms) = preSolution
		Debug|Any CPU = Debug|Any CPU
		Release|Any CPU = Release|Any CPU
	EndGlobalSection
	GlobalSection(ProjectConfigurationPlatforms) = postSolution
		{016922FD-A943-495C-8E3C-BD48993BCDAC}.Debug|Any CPU.ActiveCfg = Debug|Any CPU
		{016922FD-A943-495C-8E3C-BD48993BCDAC}.Debug|Any CPU.Build.0 = Debug|Any CPU
		{016922FD-A943-495C-8E3C-BD48993BCDAC}.Release|Any CPU.ActiveCfg = Release|Any CPU
		{016922FD-A943-495C-8E3C-BD48993BCDAC}.Release|Any CPU.Build.0 = Release|Any CPU
	EndGlobalSection
	GlobalSection(SolutionProperties) = preSolution
		HideSolutionNode = FALSE
	EndGlobalSection
	GlobalSection(ExtensibilityGlobals) = postSolution
		SolutionGuid = {4BA2CACB-2AAF-4FF4-ACD6-5C4C3F73C934}
	EndGlobalSection
EndGlobal
